
Microsoft Visual Studio Solution File, Format Version 12.00
# Visual Studio for Mac
Project("{FAE04EC0-301F-11D3-BF4B-00C04F79EFBC}") = "Assembly-CSharp", "Assembly-CSharp.csproj", "{A0A5A329-A270-5042-EC7C-A36AA40150F4}"
EndProject
Project("{FAE04EC0-301F-11D3-BF4B-00C04F79EFBC}") = "Assembly-CSharp-firstpass", "Assembly-CSharp-firstpass.csproj", "{96CA5D01-DFAE-24DA-1EDC-50D39A14C109}"
EndProject
Project("{FAE04EC0-301F-11D3-BF4B-00C04F79EFBC}") = "Assembly-CSharp-Editor", "Assembly-CSharp-Editor.csproj", "{9F1D4A02-3FB3-B650-DAD0-8BE0DEF7C2DE}"
EndProject
Project("{FAE04EC0-301F-11D3-BF4B-00C04F79EFBC}") = "Assembly-CSharp-Editor-firstpass", "Assembly-CSharp-Editor-firstpass.csproj", "{3FA03B09-C068-6B3F-157D-34CAB7159C87}"
EndProject
Global
	GlobalSection(SolutionConfigurationPlatforms) = preSolution
		Debug|Any CPU = Debug|Any CPU
		Release|Any CPU = Release|Any CPU
	EndGlobalSection
	GlobalSection(ProjectConfigurationPlatforms) = postSolution
		{A0A5A329-A270-5042-EC7C-A36AA40150F4}.Debug|Any CPU.ActiveCfg = Debug|Any CPU
		{A0A5A329-A270-5042-EC7C-A36AA40150F4}.Debug|Any CPU.Build.0 = Debug|Any CPU
		{A0A5A329-A270-5042-EC7C-A36AA40150F4}.Release|Any CPU.ActiveCfg = Release|Any CPU
		{A0A5A329-A270-5042-EC7C-A36AA40150F4}.Release|Any CPU.Build.0 = Release|Any CPU
		{96CA5D01-DFAE-24DA-1EDC-50D39A14C109}.Debug|Any CPU.ActiveCfg = Debug|Any CPU
		{96CA5D01-DFAE-24DA-1EDC-50D39A14C109}.Debug|Any CPU.Build.0 = Debug|Any CPU
		{96CA5D01-DFAE-24DA-1EDC-50D39A14C109}.Release|Any CPU.ActiveCfg = Release|Any CPU
		{96CA5D01-DFAE-24DA-1EDC-50D39A14C109}.Release|Any CPU.Build.0 = Release|Any CPU
		{9F1D4A02-3FB3-B650-DAD0-8BE0DEF7C2DE}.Debug|Any CPU.ActiveCfg = Debug|Any CPU
		{9F1D4A02-3FB3-B650-DAD0-8BE0DEF7C2DE}.Debug|Any CPU.Build.0 = Debug|Any CPU
		{9F1D4A02-3FB3-B650-DAD0-8BE0DEF7C2DE}.Release|Any CPU.ActiveCfg = Release|Any CPU
		{9F1D4A02-3FB3-B650-DAD0-8BE0DEF7C2DE}.Release|Any CPU.Build.0 = Release|Any CPU
		{3FA03B09-C068-6B3F-157D-34CAB7159C87}.Debug|Any CPU.ActiveCfg = Debug|Any CPU
		{3FA03B09-C068-6B3F-157D-34CAB7159C87}.Debug|Any CPU.Build.0 = Debug|Any CPU
		{3FA03B09-C068-6B3F-157D-34CAB7159C87}.Release|Any CPU.ActiveCfg = Release|Any CPU
		{3FA03B09-C068-6B3F-157D-34CAB7159C87}.Release|Any CPU.Build.0 = Release|Any CPU
	EndGlobalSection
	GlobalSection(SolutionProperties) = preSolution
		HideSolutionNode = FALSE
	EndGlobalSection
EndGlobal
